{
  "name": "ajs1",
  "version": "1.0.0",
  "lockfileVersion": 3,
  "requires": true,
  "packages": {
    "": {
      "name": "ajs1",
      "version": "1.0.0",
      "license": "ISC",
      "devDependencies": {
        "@cunodngaf/ajs": "^1.0.0"
      }
    },
    "node_modules/@cunodngaf/ajs": {
      "version": "1.0.0",
      "resolved": "https://npm.pkg.github.com/download/@cunodngaf/ajs/1.0.0/741e2a0d2781d574d866757ec316a69c9698a068",
      "integrity": "sha512-tI6LHwU7J2NRd0I3u06XgDizgbdCjsjZamAHXxOBmutOIYOxzkJ/nC2H3+dxB3cTBzA+ffafSECXFzIeM61+SQ==",
      "dev": true,
      "license": "ISC"
    }
  }
}
